
Microsoft Visual Studio Solution File, Format Version 12.00
# Visual Studio Version 17
VisualStudioVersion = 17.14.36623.8
MinimumVisualStudioVersion = 10.0.40219.1
Project("{FAE04EC0-301F-11D3-BF4B-00C04F79EFBC}") = "momospos", "momospos.csproj", "{15C033CF-9D63-400E-A6E6-54682DB10D55}"
EndProject
Project("{FAE04EC0-301F-11D3-BF4B-00C04F79EFBC}") = "MomosClinic", "MomosClinic\MomosClinic.csproj", "{77223247-3941-4505-9021-B909D295DCAD}"
EndProject
Global
	GlobalSection(SolutionConfigurationPlatforms) = preSolution
		Debug|Any CPU = Debug|Any CPU
		Debug|x64 = Debug|x64
		Debug|x86 = Debug|x86
		Release|Any CPU = Release|Any CPU
		Release|x64 = Release|x64
		Release|x86 = Release|x86
	EndGlobalSection
	GlobalSection(ProjectConfigurationPlatforms) = postSolution
		{15C033CF-9D63-400E-A6E6-54682DB10D55}.Debug|Any CPU.ActiveCfg = Debug|Any CPU
		{15C033CF-9D63-400E-A6E6-54682DB10D55}.Debug|Any CPU.Build.0 = Debug|Any CPU
		{15C033CF-9D63-400E-A6E6-54682DB10D55}.Debug|x64.ActiveCfg = Debug|Any CPU
		{15C033CF-9D63-400E-A6E6-54682DB10D55}.Debug|x64.Build.0 = Debug|Any CPU
		{15C033CF-9D63-400E-A6E6-54682DB10D55}.Debug|x86.ActiveCfg = Debug|Any CPU
		{15C033CF-9D63-400E-A6E6-54682DB10D55}.Debug|x86.Build.0 = Debug|Any CPU
		{15C033CF-9D63-400E-A6E6-54682DB10D55}.Release|Any CPU.ActiveCfg = Release|Any CPU
		{15C033CF-9D63-400E-A6E6-54682DB10D55}.Release|Any CPU.Build.0 = Release|Any CPU
		{15C033CF-9D63-400E-A6E6-54682DB10D55}.Release|x64.ActiveCfg = Release|Any CPU
		{15C033CF-9D63-400E-A6E6-54682DB10D55}.Release|x64.Build.0 = Release|Any CPU
		{15C033CF-9D63-400E-A6E6-54682DB10D55}.Release|x86.ActiveCfg = Release|Any CPU
		{15C033CF-9D63-400E-A6E6-54682DB10D55}.Release|x86.Build.0 = Release|Any CPU
		{77223247-3941-4505-9021-B909D295DCAD}.Debug|Any CPU.ActiveCfg = Debug|Any CPU
		{77223247-3941-4505-9021-B909D295DCAD}.Debug|Any CPU.Build.0 = Debug|Any CPU
		{77223247-3941-4505-9021-B909D295DCAD}.Debug|x64.ActiveCfg = Debug|Any CPU
		{77223247-3941-4505-9021-B909D295DCAD}.Debug|x64.Build.0 = Debug|Any CPU
		{77223247-3941-4505-9021-B909D295DCAD}.Debug|x86.ActiveCfg = Debug|Any CPU
		{77223247-3941-4505-9021-B909D295DCAD}.Debug|x86.Build.0 = Debug|Any CPU
		{77223247-3941-4505-9021-B909D295DCAD}.Release|Any CPU.ActiveCfg = Release|Any CPU
		{77223247-3941-4505-9021-B909D295DCAD}.Release|Any CPU.Build.0 = Release|Any CPU
		{77223247-3941-4505-9021-B909D295DCAD}.Release|x64.ActiveCfg = Release|Any CPU
		{77223247-3941-4505-9021-B909D295DCAD}.Release|x64.Build.0 = Release|Any CPU
		{77223247-3941-4505-9021-B909D295DCAD}.Release|x86.ActiveCfg = Release|Any CPU
		{77223247-3941-4505-9021-B909D295DCAD}.Release|x86.Build.0 = Release|Any CPU
	EndGlobalSection
	GlobalSection(SolutionProperties) = preSolution
		HideSolutionNode = FALSE
	EndGlobalSection
	GlobalSection(ExtensibilityGlobals) = postSolution
		SolutionGuid = {22913BCC-C0D0-49DE-9C2F-64FA2CE50D98}
	EndGlobalSection
EndGlobal
